Microsoft Visual Studio Solution File, Format Version 12.00
# Visual Studio Version 17
VisualStudioVersion = 17.0.31611.283
MinimumVisualStudioVersion = 10.0.40219.1
Project("{9A19103F-16F7-4668-BE54-9A1E7A4F7556}") = "The Watch", "The Watch\The Watch.csproj", "{AA63F467-9DC4-4050-8BCE-F4D294A4DA8E}"
EndProject
Global
	GlobalSection(SolutionConfigurationPlatforms) = preSolution
		Debug|Any CPU = Debug|Any CPU
		Release|Any CPU = Release|Any CPU
	EndGlobalSection
	GlobalSection(ProjectConfigurationPlatforms) = postSolution
		{AA63F467-9DC4-4050-8BCE-F4D294A4DA8E}.Debug|Any CPU.ActiveCfg = Debug|Any CPU
		{AA63F467-9DC4-4050-8BCE-F4D294A4DA8E}.Debug|Any CPU.Build.0 = Debug|Any CPU
		{AA63F467-9DC4-4050-8BCE-F4D294A4DA8E}.Debug|Any CPU.Deploy.0 = Debug|Any CPU
		{AA63F467-9DC4-4050-8BCE-F4D294A4DA8E}.Release|Any CPU.ActiveCfg = Release|Any CPU
		{AA63F467-9DC4-4050-8BCE-F4D294A4DA8E}.Release|Any CPU.Build.0 = Release|Any CPU
		{AA63F467-9DC4-4050-8BCE-F4D294A4DA8E}.Release|Any CPU.Deploy.0 = Release|Any CPU
	EndGlobalSection
	GlobalSection(SolutionProperties) = preSolution
		HideSolutionNode = FALSE
	EndGlobalSection
	GlobalSection(ExtensibilityGlobals) = postSolution
		        SolutionGuid = {61F7FB11-1E47-470C-91E2-47F8143E1572}
		SolutionGuid = {B37A62EF-9A1A-4D68-B174-B40B9DDC9332}
	EndGlobalSection
EndGlobal
